// !$*UTF8*$!
{
	archiveVersion = 1;
	classes = {
	};
	objectVersion = 56;
	objects = {

/* Begin PBXBuildFile section */
		B6B537782BBBEAC5005AAFC4 /* MoviesApp.swift in Sources */ = {isa = PBXBuildFile; fileRef = B6B537772BBBEAC5005AAFC4 /* MoviesApp.swift */; };
		B6B5377C2BBBEAC6005AAFC4 /* Assets.xcassets in Resources */ = {isa = PBXBuildFile; fileRef = B6B5377B2BBBEAC6005AAFC4 /* Assets.xcassets */; };
		B6B5377F2BBBEAC6005AAFC4 /* Preview Assets.xcassets in Resources */ = {isa = PBXBuildFile; fileRef = B6B5377E2BBBEAC6005AAFC4 /* Preview Assets.xcassets */; };
		B6B5378D2BBBEB85005AAFC4 /* LogInView.swift in Sources */ = {isa = PBXBuildFile; fileRef = B6B5378C2BBBEB85005AAFC4 /* LogInView.swift */; };
		B6B5378F2BBBEBA0005AAFC4 /* SignUpView.swift in Sources */ = {isa = PBXBuildFile; fileRef = B6B5378E2BBBEBA0005AAFC4 /* SignUpView.swift */; };
		B6B537912BBBED37005AAFC4 /* AuthViewModel.swift in Sources */ = {isa = PBXBuildFile; fileRef = B6B537902BBBED37005AAFC4 /* AuthViewModel.swift */; };
		B6B537932BBBED5B005AAFC4 /* AuthManager.swift in Sources */ = {isa = PBXBuildFile; fileRef = B6B537922BBBED5B005AAFC4 /* AuthManager.swift */; };
		B6B537962BBBEE27005AAFC4 /* FirebaseAnalytics in Frameworks */ = {isa = PBXBuildFile; productRef = B6B537952BBBEE27005AAFC4 /* FirebaseAnalytics */; };
		B6B537982BBBEE27005AAFC4 /* FirebaseAnalyticsSwift in Frameworks */ = {isa = PBXBuildFile; productRef = B6B537972BBBEE27005AAFC4 /* FirebaseAnalyticsSwift */; };
		B6B5379A2BBBEE27005AAFC4 /* FirebaseAuth in Frameworks */ = {isa = PBXBuildFile; productRef = B6B537992BBBEE27005AAFC4 /* FirebaseAuth */; };
		B6B5379C2BBBEE55005AAFC4 /* AuthDataResModel.swift in Sources */ = {isa = PBXBuildFile; fileRef = B6B5379B2BBBEE55005AAFC4 /* AuthDataResModel.swift */; };
		B6B5379E2BBBEE9D005AAFC4 /* UserManager.swift in Sources */ = {isa = PBXBuildFile; fileRef = B6B5379D2BBBEE9D005AAFC4 /* UserManager.swift */; };
		B6B537A72BBBEFE8005AAFC4 /* HomeButtonViewModifier.swift in Sources */ = {isa = PBXBuildFile; fileRef = B6B537A22BBBEFE8005AAFC4 /* HomeButtonViewModifier.swift */; };
		B6B537A82BBBEFE8005AAFC4 /* OptionButtonViewModifier.swift in Sources */ = {isa = PBXBuildFile; fileRef = B6B537A32BBBEFE8005AAFC4 /* OptionButtonViewModifier.swift */; };
		B6B537A92BBBEFE8005AAFC4 /* TextFieldViewModifier.swift in Sources */ = {isa = PBXBuildFile; fileRef = B6B537A42BBBEFE8005AAFC4 /* TextFieldViewModifier.swift */; };
		B6B537AC2BBBF076005AAFC4 /* RootView.swift in Sources */ = {isa = PBXBuildFile; fileRef = B6B537AA2BBBF076005AAFC4 /* RootView.swift */; };
		B6B537B22BBBF10C005AAFC4 /* MovieListView.swift in Sources */ = {isa = PBXBuildFile; fileRef = B6B537B12BBBF10C005AAFC4 /* MovieListView.swift */; };
		B6B537B42BBBF119005AAFC4 /* MovieDetailView.swift in Sources */ = {isa = PBXBuildFile; fileRef = B6B537B32BBBF119005AAFC4 /* MovieDetailView.swift */; };
		B6B537B62BBBF5D3005AAFC4 /* MovieViewModel.swift in Sources */ = {isa = PBXBuildFile; fileRef = B6B537B52BBBF5D3005AAFC4 /* MovieViewModel.swift */; };
		B6B537B82BBBFD27005AAFC4 /* NetworkManager.swift in Sources */ = {isa = PBXBuildFile; fileRef = B6B537B72BBBFD27005AAFC4 /* NetworkManager.swift */; };
		B6B537BB2BBBFDD6005AAFC4 /* ErrorMessage.swift in Sources */ = {isa = PBXBuildFile; fileRef = B6B537BA2BBBFDD6005AAFC4 /* ErrorMessage.swift */; };
		B6B537BF2BBC035C005AAFC4 /* MovieModel.swift in Sources */ = {isa = PBXBuildFile; fileRef = B6B537BE2BBC035C005AAFC4 /* MovieModel.swift */; };
		B6B537C12BBC0CE5005AAFC4 /* GoogleService-Info.plist in Resources */ = {isa = PBXBuildFile; fileRef = B6B537C02BBC0CE5005AAFC4 /* GoogleService-Info.plist */; };
		B6B537C32BBC1C8D005AAFC4 /* APIKeys.plist in Resources */ = {isa = PBXBuildFile; fileRef = B6B537C22BBC1C8D005AAFC4 /* APIKeys.plist */; };
		B6B537C62BBC4E7F005AAFC4 /* MovieItemView.swift in Sources */ = {isa = PBXBuildFile; fileRef = B6B537C52BBC4E7F005AAFC4 /* MovieItemView.swift */; };
/* End PBXBuildFile section */

/* Begin PBXFileReference section */
		B6B537742BBBEAC5005AAFC4 /* MoviesApp.app */ = {isa = PBXFileReference; explicitFileType = wrapper.application; includeInIndex = 0; path = MoviesApp.app; sourceTree = BUILT_PRODUCTS_DIR; };
		B6B537772BBBEAC5005AAFC4 /* MoviesApp.swift */ = {isa = PBXFileReference; lastKnownFileType = sourcecode.swift; path = MoviesApp.swift; sourceTree = "<group>"; };
		B6B5377B2BBBEAC6005AAFC4 /* Assets.xcassets */ = {isa = PBXFileReference; lastKnownFileType = folder.assetcatalog; path = Assets.xcassets; sourceTree = "<group>"; };
		B6B5377E2BBBEAC6005AAFC4 /* Preview Assets.xcassets */ = {isa = PBXFileReference; lastKnownFileType = folder.assetcatalog; path = "Preview Assets.xcassets"; sourceTree = "<group>"; };
		B6B5378C2BBBEB85005AAFC4 /* LogInView.swift */ = {isa = PBXFileReference; lastKnownFileType = sourcecode.swift; path = LogInView.swift; sourceTree = "<group>"; };
		B6B5378E2BBBEBA0005AAFC4 /* SignUpView.swift */ = {isa = PBXFileReference; lastKnownFileType = sourcecode.swift; path = SignUpView.swift; sourceTree = "<group>"; };
		B6B537902BBBED37005AAFC4 /* AuthViewModel.swift */ = {isa = PBXFileReference; lastKnownFileType = sourcecode.swift; path = AuthViewModel.swift; sourceTree = "<group>"; };
		B6B537922BBBED5B005AAFC4 /* AuthManager.swift */ = {isa = PBXFileReference; lastKnownFileType = sourcecode.swift; path = AuthManager.swift; sourceTree = "<group>"; };
		B6B5379B2BBBEE55005AAFC4 /* AuthDataResModel.swift */ = {isa = PBXFileReference; lastKnownFileType = sourcecode.swift; path = AuthDataResModel.swift; sourceTree = "<group>"; };
		B6B5379D2BBBEE9D005AAFC4 /* UserManager.swift */ = {isa = PBXFileReference; lastKnownFileType = sourcecode.swift; path = UserManager.swift; sourceTree = "<group>"; };
		B6B537A22BBBEFE8005AAFC4 /* HomeButtonViewModifier.swift */ = {isa = PBXFileReference; fileEncoding = 4; lastKnownFileType = sourcecode.swift; path = HomeButtonViewModifier.swift; sourceTree = "<group>"; };
		B6B537A32BBBEFE8005AAFC4 /* OptionButtonViewModifier.swift */ = {isa = PBXFileReference; fileEncoding = 4; lastKnownFileType = sourcecode.swift; path = OptionButtonViewModifier.swift; sourceTree = "<group>"; };
		B6B537A42BBBEFE8005AAFC4 /* TextFieldViewModifier.swift */ = {isa = PBXFileReference; fileEncoding = 4; lastKnownFileType = sourcecode.swift; path = TextFieldViewModifier.swift; sourceTree = "<group>"; };
		B6B537AA2BBBF076005AAFC4 /* RootView.swift */ = {isa = PBXFileReference; fileEncoding = 4; lastKnownFileType = sourcecode.swift; path = RootView.swift; sourceTree = "<group>"; };
		B6B537B12BBBF10C005AAFC4 /* MovieListView.swift */ = {isa = PBXFileReference; lastKnownFileType = sourcecode.swift; path = MovieListView.swift; sourceTree = "<group>"; };
		B6B537B32BBBF119005AAFC4 /* MovieDetailView.swift */ = {isa = PBXFileReference; lastKnownFileType = sourcecode.swift; path = MovieDetailView.swift; sourceTree = "<group>"; };
		B6B537B52BBBF5D3005AAFC4 /* MovieViewModel.swift */ = {isa = PBXFileReference; lastKnownFileType = sourcecode.swift; path = MovieViewModel.swift; sourceTree = "<group>"; };
		B6B537B72BBBFD27005AAFC4 /* NetworkManager.swift */ = {isa = PBXFileReference; lastKnownFileType = sourcecode.swift; path = NetworkManager.swift; sourceTree = "<group>"; };
		B6B537BA2BBBFDD6005AAFC4 /* ErrorMessage.swift */ = {isa = PBXFileReference; lastKnownFileType = sourcecode.swift; path = ErrorMessage.swift; sourceTree = "<group>"; };
		B6B537BE2BBC035C005AAFC4 /* MovieModel.swift */ = {isa = PBXFileReference; lastKnownFileType = sourcecode.swift; path = MovieModel.swift; sourceTree = "<group>"; };
		B6B537C02BBC0CE5005AAFC4 /* GoogleService-Info.plist */ = {isa = PBXFileReference; fileEncoding = 4; lastKnownFileType = text.plist.xml; path = "GoogleService-Info.plist"; sourceTree = "<group>"; };
		B6B537C22BBC1C8D005AAFC4 /* APIKeys.plist */ = {isa = PBXFileReference; lastKnownFileType = text.plist.xml; path = APIKeys.plist; sourceTree = "<group>"; };
		B6B537C52BBC4E7F005AAFC4 /* MovieItemView.swift */ = {isa = PBXFileReference; lastKnownFileType = sourcecode.swift; path = MovieItemView.swift; sourceTree = "<group>"; };
/* End PBXFileReference section */

/* Begin PBXFrameworksBuildPhase section */
		B6B537712BBBEAC5005AAFC4 /* Frameworks */ = {
			isa = PBXFrameworksBuildPhase;
			buildActionMask = 2147483647;
			files = (
				B6B537982BBBEE27005AAFC4 /* FirebaseAnalyticsSwift in Frameworks */,
				B6B5379A2BBBEE27005AAFC4 /* FirebaseAuth in Frameworks */,
				B6B537962BBBEE27005AAFC4 /* FirebaseAnalytics in Frameworks */,
			);
			runOnlyForDeploymentPostprocessing = 0;
		};
/* End PBXFrameworksBuildPhase section */

/* Begin PBXGroup section */
		B6B5376B2BBBEAC5005AAFC4 = {
			isa = PBXGroup;
			children = (
				B6B537C02BBC0CE5005AAFC4 /* GoogleService-Info.plist */,
				B6B537C22BBC1C8D005AAFC4 /* APIKeys.plist */,
				B6B537762BBBEAC5005AAFC4 /* MoviesApp */,
				B6B537752BBBEAC5005AAFC4 /* Products */,
			);
			sourceTree = "<group>";
		};
		B6B537752BBBEAC5005AAFC4 /* Products */ = {
			isa = PBXGroup;
			children = (
				B6B537742BBBEAC5005AAFC4 /* MoviesApp.app */,
			);
			name = Products;
			sourceTree = "<group>";
		};
		B6B537762BBBEAC5005AAFC4 /* MoviesApp */ = {
			isa = PBXGroup;
			children = (
				B6B537B92BBBFDCA005AAFC4 /* Utilities */,
				B6B537AB2BBBF076005AAFC4 /* Root */,
				B6B537A52BBBEFE8005AAFC4 /* ViewModifiers */,
				B6B537872BBBEB24005AAFC4 /* Services */,
				B6B537862BBBEB10005AAFC4 /* Managers */,
				B6B537852BBBEB02005AAFC4 /* Core */,
				B6B537772BBBEAC5005AAFC4 /* MoviesApp.swift */,
				B6B5377B2BBBEAC6005AAFC4 /* Assets.xcassets */,
				B6B5377D2BBBEAC6005AAFC4 /* Preview Content */,
			);
			path = MoviesApp;
			sourceTree = "<group>";
		};
		B6B5377D2BBBEAC6005AAFC4 /* Preview Content */ = {
			isa = PBXGroup;
			children = (
				B6B5377E2BBBEAC6005AAFC4 /* Preview Assets.xcassets */,
			);
			path = "Preview Content";
			sourceTree = "<group>";
		};
		B6B537852BBBEB02005AAFC4 /* Core */ = {
			isa = PBXGroup;
			children = (
				B6B537AD2BBBF0BD005AAFC4 /* Movies */,
				B6B537882BBBEB3D005AAFC4 /* Auth */,
			);
			path = Core;
			sourceTree = "<group>";
		};
		B6B537862BBBEB10005AAFC4 /* Managers */ = {
			isa = PBXGroup;
			children = (
				B6B537922BBBED5B005AAFC4 /* AuthManager.swift */,
				B6B5379D2BBBEE9D005AAFC4 /* UserManager.swift */,
				B6B537B72BBBFD27005AAFC4 /* NetworkManager.swift */,
			);
			path = Managers;
			sourceTree = "<group>";
		};
		B6B537872BBBEB24005AAFC4 /* Services */ = {
			isa = PBXGroup;
			children = (
			);
			path = Services;
			sourceTree = "<group>";
		};
		B6B537882BBBEB3D005AAFC4 /* Auth */ = {
			isa = PBXGroup;
			children = (
				B6B5378B2BBBEB69005AAFC4 /* ViewModel */,
				B6B5378A2BBBEB61005AAFC4 /* View */,
				B6B537892BBBEB5B005AAFC4 /* Model */,
			);
			path = Auth;
			sourceTree = "<group>";
		};
		B6B537892BBBEB5B005AAFC4 /* Model */ = {
			isa = PBXGroup;
			children = (
				B6B5379B2BBBEE55005AAFC4 /* AuthDataResModel.swift */,
			);
			path = Model;
			sourceTree = "<group>";
		};
		B6B5378A2BBBEB61005AAFC4 /* View */ = {
			isa = PBXGroup;
			children = (
				B6B5378C2BBBEB85005AAFC4 /* LogInView.swift */,
				B6B5378E2BBBEBA0005AAFC4 /* SignUpView.swift */,
			);
			path = View;
			sourceTree = "<group>";
		};
		B6B5378B2BBBEB69005AAFC4 /* ViewModel */ = {
			isa = PBXGroup;
			children = (
				B6B537902BBBED37005AAFC4 /* AuthViewModel.swift */,
			);
			path = ViewModel;
			sourceTree = "<group>";
		};
		B6B537A52BBBEFE8005AAFC4 /* ViewModifiers */ = {
			isa = PBXGroup;
			children = (
				B6B537A22BBBEFE8005AAFC4 /* HomeButtonViewModifier.swift */,
				B6B537A32BBBEFE8005AAFC4 /* OptionButtonViewModifier.swift */,
				B6B537A42BBBEFE8005AAFC4 /* TextFieldViewModifier.swift */,
			);
			path = ViewModifiers;
			sourceTree = "<group>";
		};
		B6B537AB2BBBF076005AAFC4 /* Root */ = {
			isa = PBXGroup;
			children = (
				B6B537AA2BBBF076005AAFC4 /* RootView.swift */,
			);
			path = Root;
			sourceTree = "<group>";
		};
		B6B537AD2BBBF0BD005AAFC4 /* Movies */ = {
			isa = PBXGroup;
			children = (
				B6B537C42BBC4E5D005AAFC4 /* Components */,
				B6B537B02BBBF0D6005AAFC4 /* Model */,
				B6B537AF2BBBF0D1005AAFC4 /* ViewModel */,
				B6B537AE2BBBF0CD005AAFC4 /* View */,
			);
			path = Movies;
			sourceTree = "<group>";
		};
		B6B537AE2BBBF0CD005AAFC4 /* View */ = {
			isa = PBXGroup;
			children = (
				B6B537B12BBBF10C005AAFC4 /* MovieListView.swift */,
				B6B537B32BBBF119005AAFC4 /* MovieDetailView.swift */,
			);
			path = View;
			sourceTree = "<group>";
		};
		B6B537AF2BBBF0D1005AAFC4 /* ViewModel */ = {
			isa = PBXGroup;
			children = (
				B6B537B52BBBF5D3005AAFC4 /* MovieViewModel.swift */,
			);
			path = ViewModel;
			sourceTree = "<group>";
		};
		B6B537B02BBBF0D6005AAFC4 /* Model */ = {
			isa = PBXGroup;
			children = (
				B6B537BE2BBC035C005AAFC4 /* MovieModel.swift */,
			);
			path = Model;
			sourceTree = "<group>";
		};
		B6B537B92BBBFDCA005AAFC4 /* Utilities */ = {
			isa = PBXGroup;
			children = (
				B6B537BA2BBBFDD6005AAFC4 /* ErrorMessage.swift */,
			);
			path = Utilities;
			sourceTree = "<group>";
		};
		B6B537C42BBC4E5D005AAFC4 /* Components */ = {
			isa = PBXGroup;
			children = (
				B6B537C52BBC4E7F005AAFC4 /* MovieItemView.swift */,
			);
			path = Components;
			sourceTree = "<group>";
		};
/* End PBXGroup section */

/* Begin PBXNativeTarget section */
		B6B537732BBBEAC5005AAFC4 /* MoviesApp */ = {
			isa = PBXNativeTarget;
			buildConfigurationList = B6B537822BBBEAC6005AAFC4 /* Build configuration list for PBXNativeTarget "MoviesApp" */;
			buildPhases = (
				B6B537702BBBEAC5005AAFC4 /* Sources */,
				B6B537712BBBEAC5005AAFC4 /* Frameworks */,
				B6B537722BBBEAC5005AAFC4 /* Resources */,
			);
			buildRules = (
			);
			dependencies = (
			);
			name = MoviesApp;
			packageProductDependencies = (
				B6B537952BBBEE27005AAFC4 /* FirebaseAnalytics */,
				B6B537972BBBEE27005AAFC4 /* FirebaseAnalyticsSwift */,
				B6B537992BBBEE27005AAFC4 /* FirebaseAuth */,
			);
			productName = MoviesApp;
			productReference = B6B537742BBBEAC5005AAFC4 /* MoviesApp.app */;
			productType = "com.apple.product-type.application";
		};
/* End PBXNativeTarget section */

/* Begin PBXProject section */
		B6B5376C2BBBEAC5005AAFC4 /* Project object */ = {
			isa = PBXProject;
			attributes = {
				BuildIndependentTargetsInParallel = 1;
				LastSwiftUpdateCheck = 1530;
				LastUpgradeCheck = 1530;
				TargetAttributes = {
					B6B537732BBBEAC5005AAFC4 = {
						CreatedOnToolsVersion = 15.3;
					};
				};
			};
			buildConfigurationList = B6B5376F2BBBEAC5005AAFC4 /* Build configuration list for PBXProject "MoviesApp" */;
			compatibilityVersion = "Xcode 14.0";
			developmentRegion = en;
			hasScannedForEncodings = 0;
			knownRegions = (
				en,
				Base,
			);
			mainGroup = B6B5376B2BBBEAC5005AAFC4;
			packageReferences = (
				B6B537942BBBEE27005AAFC4 /* XCRemoteSwiftPackageReference "firebase-ios-sdk" */,
			);
			productRefGroup = B6B537752BBBEAC5005AAFC4 /* Products */;
			projectDirPath = "";
			projectRoot = "";
			targets = (
				B6B537732BBBEAC5005AAFC4 /* MoviesApp */,
			);
		};
/* End PBXProject section */

/* Begin PBXResourcesBuildPhase section */
		B6B537722BBBEAC5005AAFC4 /* Resources */ = {
			isa = PBXResourcesBuildPhase;
			buildActionMask = 2147483647;
			files = (
				B6B5377F2BBBEAC6005AAFC4 /* Preview Assets.xcassets in Resources */,
				B6B537C32BBC1C8D005AAFC4 /* APIKeys.plist in Resources */,
				B6B5377C2BBBEAC6005AAFC4 /* Assets.xcassets in Resources */,
				B6B537C12BBC0CE5005AAFC4 /* GoogleService-Info.plist in Resources */,
			);
			runOnlyForDeploymentPostprocessing = 0;
		};
/* End PBXResourcesBuildPhase section */

/* Begin PBXSourcesBuildPhase section */
		B6B537702BBBEAC5005AAFC4 /* Sources */ = {
			isa = PBXSourcesBuildPhase;
			buildActionMask = 2147483647;
			files = (
				B6B537912BBBED37005AAFC4 /* AuthViewModel.swift in Sources */,
				B6B5378D2BBBEB85005AAFC4 /* LogInView.swift in Sources */,
				B6B537A82BBBEFE8005AAFC4 /* OptionButtonViewModifier.swift in Sources */,
				B6B5379E2BBBEE9D005AAFC4 /* UserManager.swift in Sources */,
				B6B5379C2BBBEE55005AAFC4 /* AuthDataResModel.swift in Sources */,
				B6B537B62BBBF5D3005AAFC4 /* MovieViewModel.swift in Sources */,
				B6B537C62BBC4E7F005AAFC4 /* MovieItemView.swift in Sources */,
				B6B537BF2BBC035C005AAFC4 /* MovieModel.swift in Sources */,
				B6B537B22BBBF10C005AAFC4 /* MovieListView.swift in Sources */,
				B6B5378F2BBBEBA0005AAFC4 /* SignUpView.swift in Sources */,
				B6B537B42BBBF119005AAFC4 /* MovieDetailView.swift in Sources */,
				B6B537782BBBEAC5005AAFC4 /* MoviesApp.swift in Sources */,
				B6B537932BBBED5B005AAFC4 /* AuthManager.swift in Sources */,
				B6B537A72BBBEFE8005AAFC4 /* HomeButtonViewModifier.swift in Sources */,
				B6B537BB2BBBFDD6005AAFC4 /* ErrorMessage.swift in Sources */,
				B6B537B82BBBFD27005AAFC4 /* NetworkManager.swift in Sources */,
				B6B537A92BBBEFE8005AAFC4 /* TextFieldViewModifier.swift in Sources */,
				B6B537AC2BBBF076005AAFC4 /* RootView.swift in Sources */,
			);
			runOnlyForDeploymentPostprocessing = 0;
		};
/* End PBXSourcesBuildPhase section */

/* Begin XCBuildConfiguration section */
		B6B537802BBBEAC6005AAFC4 /* Debug */ = {
			isa = XCBuildConfiguration;
			buildSettings = {
				ALWAYS_SEARCH_USER_PATHS = NO;
				ASSETCATALOG_COMPILER_GENERATE_SWIFT_ASSET_SYMBOL_EXTENSIONS = YES;
				CLANG_ANALYZER_NONNULL = YES;
				CLANG_ANALYZER_NUMBER_OBJECT_CONVERSION = YES_AGGRESSIVE;
				CLANG_CXX_LANGUAGE_STANDARD = "gnu++20";
				CLANG_ENABLE_MODULES = YES;
				CLANG_ENABLE_OBJC_ARC = YES;
				CLANG_ENABLE_OBJC_WEAK = YES;
				CLANG_WARN_BLOCK_CAPTURE_AUTORELEASING = YES;
				CLANG_WARN_BOOL_CONVERSION = YES;
				CLANG_WARN_COMMA = YES;
				CLANG_WARN_CONSTANT_CONVERSION = YES;
				CLANG_WARN_DEPRECATED_OBJC_IMPLEMENTATIONS = YES;
				CLANG_WARN_DIRECT_OBJC_ISA_USAGE = YES_ERROR;
				CLANG_WARN_DOCUMENTATION_COMMENTS = YES;
				CLANG_WARN_EMPTY_BODY = YES;
				CLANG_WARN_ENUM_CONVERSION = YES;
				CLANG_WARN_INFINITE_RECURSION = YES;
				CLANG_WARN_INT_CONVERSION = YES;
				CLANG_WARN_NON_LITERAL_NULL_CONVERSION = YES;
				CLANG_WARN_OBJC_IMPLICIT_RETAIN_SELF = YES;
				CLANG_WARN_OBJC_LITERAL_CONVERSION = YES;
				CLANG_WARN_OBJC_ROOT_CLASS = YES_ERROR;
				CLANG_WARN_QUOTED_INCLUDE_IN_FRAMEWORK_HEADER = YES;
				CLANG_WARN_RANGE_LOOP_ANALYSIS = YES;
				CLANG_WARN_STRICT_PROTOTYPES = YES;
				CLANG_WARN_SUSPICIOUS_MOVE = YES;
				CLANG_WARN_UNGUARDED_AVAILABILITY = YES_AGGRESSIVE;
				CLANG_WARN_UNREACHABLE_CODE = YES;
				CLANG_WARN__DUPLICATE_METHOD_MATCH = YES;
				COPY_PHASE_STRIP = NO;
				DEBUG_INFORMATION_FORMAT = dwarf;
				ENABLE_STRICT_OBJC_MSGSEND = YES;
				ENABLE_TESTABILITY = YES;
				ENABLE_USER_SCRIPT_SANDBOXING = YES;
				GCC_C_LANGUAGE_STANDARD = gnu17;
				GCC_DYNAMIC_NO_PIC = NO;
				GCC_NO_COMMON_BLOCKS = YES;
				GCC_OPTIMIZATION_LEVEL = 0;
				GCC_PREPROCESSOR_DEFINITIONS = (
					"DEBUG=1",
					"$(inherited)",
				);
				GCC_WARN_64_TO_32_BIT_CONVERSION = YES;
				GCC_WARN_ABOUT_RETURN_TYPE = YES_ERROR;
				GCC_WARN_UNDECLARED_SELECTOR = YES;
				GCC_WARN_UNINITIALIZED_AUTOS = YES_AGGRESSIVE;
				GCC_WARN_UNUSED_FUNCTION = YES;
				GCC_WARN_UNUSED_VARIABLE = YES;
				IPHONEOS_DEPLOYMENT_TARGET = 17.4;
				LOCALIZATION_PREFERS_STRING_CATALOGS = YES;
				MTL_ENABLE_DEBUG_INFO = INCLUDE_SOURCE;
				MTL_FAST_MATH = YES;
				ONLY_ACTIVE_ARCH = YES;
				SDKROOT = iphoneos;
				SWIFT_ACTIVE_COMPILATION_CONDITIONS = "DEBUG $(inherited)";
				SWIFT_OPTIMIZATION_LEVEL = "-Onone";
			};
			name = Debug;
		};
		B6B537812BBBEAC6005AAFC4 /* Release */ = {
			isa = XCBuildConfiguration;
			buildSettings = {
				ALWAYS_SEARCH_USER_PATHS = NO;
				ASSETCATALOG_COMPILER_GENERATE_SWIFT_ASSET_SYMBOL_EXTENSIONS = YES;
				CLANG_ANALYZER_NONNULL = YES;
				CLANG_ANALYZER_NUMBER_OBJECT_CONVERSION = YES_AGGRESSIVE;
				CLANG_CXX_LANGUAGE_STANDARD = "gnu++20";
				CLANG_ENABLE_MODULES = YES;
				CLANG_ENABLE_OBJC_ARC = YES;
				CLANG_ENABLE_OBJC_WEAK = YES;
				CLANG_WARN_BLOCK_CAPTURE_AUTORELEASING = YES;
				CLANG_WARN_BOOL_CONVERSION = YES;
				CLANG_WARN_COMMA = YES;
				CLANG_WARN_CONSTANT_CONVERSION = YES;
				CLANG_WARN_DEPRECATED_OBJC_IMPLEMENTATIONS = YES;
				CLANG_WARN_DIRECT_OBJC_ISA_USAGE = YES_ERROR;
				CLANG_WARN_DOCUMENTATION_COMMENTS = YES;
				CLANG_WARN_EMPTY_BODY = YES;
				CLANG_WARN_ENUM_CONVERSION = YES;
				CLANG_WARN_INFINITE_RECURSION = YES;
				CLANG_WARN_INT_CONVERSION = YES;
				CLANG_WARN_NON_LITERAL_NULL_CONVERSION = YES;
				CLANG_WARN_OBJC_IMPLICIT_RETAIN_SELF = YES;
				CLANG_WARN_OBJC_LITERAL_CONVERSION = YES;
				CLANG_WARN_OBJC_ROOT_CLASS = YES_ERROR;
				CLANG_WARN_QUOTED_INCLUDE_IN_FRAMEWORK_HEADER = YES;
				CLANG_WARN_RANGE_LOOP_ANALYSIS = YES;
				CLANG_WARN_STRICT_PROTOTYPES = YES;
				CLANG_WARN_SUSPICIOUS_MOVE = YES;
				CLANG_WARN_UNGUARDED_AVAILABILITY = YES_AGGRESSIVE;
				CLANG_WARN_UNREACHABLE_CODE = YES;
				CLANG_WARN__DUPLICATE_METHOD_MATCH = YES;
				COPY_PHASE_STRIP = NO;
				DEBUG_INFORMATION_FORMAT = "dwarf-with-dsym";
				ENABLE_NS_ASSERTIONS = NO;
				ENABLE_STRICT_OBJC_MSGSEND = YES;
				ENABLE_USER_SCRIPT_SANDBOXING = YES;
				GCC_C_LANGUAGE_STANDARD = gnu17;
				GCC_NO_COMMON_BLOCKS = YES;
				GCC_WARN_64_TO_32_BIT_CONVERSION = YES;
				GCC_WARN_ABOUT_RETURN_TYPE = YES_ERROR;
				GCC_WARN_UNDECLARED_SELECTOR = YES;
				GCC_WARN_UNINITIALIZED_AUTOS = YES_AGGRESSIVE;
				GCC_WARN_UNUSED_FUNCTION = YES;
				GCC_WARN_UNUSED_VARIABLE = YES;
				IPHONEOS_DEPLOYMENT_TARGET = 17.4;
				LOCALIZATION_PREFERS_STRING_CATALOGS = YES;
				MTL_ENABLE_DEBUG_INFO = NO;
				MTL_FAST_MATH = YES;
				SDKROOT = iphoneos;
				SWIFT_COMPILATION_MODE = wholemodule;
				VALIDATE_PRODUCT = YES;
			};
			name = Release;
		};
		B6B537832BBBEAC6005AAFC4 /* Debug */ = {
			isa = XCBuildConfiguration;
			buildSettings = {
				ASSETCATALOG_COMPILER_APPICON_NAME = AppIcon;
				ASSETCATALOG_COMPILER_GLOBAL_ACCENT_COLOR_NAME = AccentColor;
				CODE_SIGN_STYLE = Automatic;
				CURRENT_PROJECT_VERSION = 1;
				DEVELOPMENT_ASSET_PATHS = "\"MoviesApp/Preview Content\"";
				DEVELOPMENT_TEAM = 3D5H55Z4KP;
				ENABLE_PREVIEWS = YES;
				GENERATE_INFOPLIST_FILE = YES;
				INFOPLIST_KEY_UIApplicationSceneManifest_Generation = YES;
				INFOPLIST_KEY_UIApplicationSupportsIndirectInputEvents = YES;
				INFOPLIST_KEY_UILaunchScreen_Generation = YES;
				INFOPLIST_KEY_UISupportedInterfaceOrientations_iPad = "UIInterfaceOrientationPortrait UIInterfaceOrientationPortraitUpsideDown UIInterfaceOrientationLandscapeLeft UIInterfaceOrientationLandscapeRight";
				INFOPLIST_KEY_UISupportedInterfaceOrientations_iPhone = "UIInterfaceOrientationPortrait UIInterfaceOrientationLandscapeLeft UIInterfaceOrientationLandscapeRight";
				IPHONEOS_DEPLOYMENT_TARGET = 17.0;
				LD_RUNPATH_SEARCH_PATHS = (
					"$(inherited)",
					"@executable_path/Frameworks",
				);
				MARKETING_VERSION = 1.0;
				PRODUCT_BUNDLE_IDENTIFIER = com.zachary.MoviesApp;
				PRODUCT_NAME = "$(TARGET_NAME)";
				SWIFT_EMIT_LOC_STRINGS = YES;
				SWIFT_VERSION = 5.0;
				TARGETED_DEVICE_FAMILY = "1,2";
			};
			name = Debug;
		};
		B6B537842BBBEAC6005AAFC4 /* Release */ = {
			isa = XCBuildConfiguration;
			buildSettings = {
				ASSETCATALOG_COMPILER_APPICON_NAME = AppIcon;
				ASSETCATALOG_COMPILER_GLOBAL_ACCENT_COLOR_NAME = AccentColor;
				CODE_SIGN_STYLE = Automatic;
				CURRENT_PROJECT_VERSION = 1;
				DEVELOPMENT_ASSET_PATHS = "\"MoviesApp/Preview Content\"";
				DEVELOPMENT_TEAM = 3D5H55Z4KP;
				ENABLE_PREVIEWS = YES;
				GENERATE_INFOPLIST_FILE = YES;
				INFOPLIST_KEY_UIApplicationSceneManifest_Generation = YES;
				INFOPLIST_KEY_UIApplicationSupportsIndirectInputEvents = YES;
				INFOPLIST_KEY_UILaunchScreen_Generation = YES;
				INFOPLIST_KEY_UISupportedInterfaceOrientations_iPad = "UIInterfaceOrientationPortrait UIInterfaceOrientationPortraitUpsideDown UIInterfaceOrientationLandscapeLeft UIInterfaceOrientationLandscapeRight";
				INFOPLIST_KEY_UISupportedInterfaceOrientations_iPhone = "UIInterfaceOrientationPortrait UIInterfaceOrientationLandscapeLeft UIInterfaceOrientationLandscapeRight";
				IPHONEOS_DEPLOYMENT_TARGET = 17.0;
				LD_RUNPATH_SEARCH_PATHS = (
					"$(inherited)",
					"@executable_path/Frameworks",
				);
				MARKETING_VERSION = 1.0;
				PRODUCT_BUNDLE_IDENTIFIER = com.zachary.MoviesApp;
				PRODUCT_NAME = "$(TARGET_NAME)";
				SWIFT_EMIT_LOC_STRINGS = YES;
				SWIFT_VERSION = 5.0;
				TARGETED_DEVICE_FAMILY = "1,2";
			};
			name = Release;
		};
/* End XCBuildConfiguration section */

/* Begin XCConfigurationList section */
		B6B5376F2BBBEAC5005AAFC4 /* Build configuration list for PBXProject "MoviesApp" */ = {
			isa = XCConfigurationList;
			buildConfigurations = (
				B6B537802BBBEAC6005AAFC4 /* Debug */,
				B6B537812BBBEAC6005AAFC4 /* Release */,
			);
			defaultConfigurationIsVisible = 0;
			defaultConfigurationName = Release;
		};
		B6B537822BBBEAC6005AAFC4 /* Build configuration list for PBXNativeTarget "MoviesApp" */ = {
			isa = XCConfigurationList;
			buildConfigurations = (
				B6B537832BBBEAC6005AAFC4 /* Debug */,
				B6B537842BBBEAC6005AAFC4 /* Release */,
			);
			defaultConfigurationIsVisible = 0;
			defaultConfigurationName = Release;
		};
/* End XCConfigurationList section */

/* Begin XCRemoteSwiftPackageReference section */
		B6B537942BBBEE27005AAFC4 /* XCRemoteSwiftPackageReference "firebase-ios-sdk" */ = {
			isa = XCRemoteSwiftPackageReference;
			repositoryURL = "https://github.com/firebase/firebase-ios-sdk";
			requirement = {
				kind = upToNextMajorVersion;
				minimumVersion = 10.23.1;
			};
		};
/* End XCRemoteSwiftPackageReference section */

/* Begin XCSwiftPackageProductDependency section */
		B6B537952BBBEE27005AAFC4 /* FirebaseAnalytics */ = {
			isa = XCSwiftPackageProductDependency;
			package = B6B537942BBBEE27005AAFC4 /* XCRemoteSwiftPackageReference "firebase-ios-sdk" */;
			productName = FirebaseAnalytics;
		};
		B6B537972BBBEE27005AAFC4 /* FirebaseAnalyticsSwift */ = {
			isa = XCSwiftPackageProductDependency;
			package = B6B537942BBBEE27005AAFC4 /* XCRemoteSwiftPackageReference "firebase-ios-sdk" */;
			productName = FirebaseAnalyticsSwift;
		};
		B6B537992BBBEE27005AAFC4 /* FirebaseAuth */ = {
			isa = XCSwiftPackageProductDependency;
			package = B6B537942BBBEE27005AAFC4 /* XCRemoteSwiftPackageReference "firebase-ios-sdk" */;
			productName = FirebaseAuth;
		};
/* End XCSwiftPackageProductDependency section */
	};
	rootObject = B6B5376C2BBBEAC5005AAFC4 /* Project object */;
}
